---
name: Lock
run-name: Lock ${{inputs.target}}
on:
  workflow_dispatch:
    inputs:
      target:
        description: 'The target to lock'
        required: true
jobs:
  lock:
    timeout-minutes: 30
    runs-on: ubuntu-latest
    permissions: {}
    env:
      TARGET: ${{inputs.target}}
      LOCK_BRANCH: lock/${{inputs.target}}
    steps:
      - uses: actions/checkout@b4ffde65f46336ab88eb53be808477a3936bae11 # v4.1.1
        with:
          persist-credentials: false

      - id: token
        uses: tibdex/github-app-token@3beb63f4bd073e61482598c45c71c1019b59b73a # v2.1.0
        with:
          app_id: ${{secrets.APP_ID}}
          private_key: ${{secrets.APP_PRIVATE_KEY}}
          permissions: >-
            {
              "contents": "write"
            }
          repositories: >-
            [
              "${{github.event.repository.name}}"
            ]

      - uses: aquaproj/aqua-installer@v2.3.0
        with:
          aqua_version: v2.23.2
        env:
          GITHUB_TOKEN: ${{steps.token.outputs.token}}

      - name: Check lock
        id: check-lock
        uses: ./actions/check-lock
        with:
          github_token: ${{steps.token.outputs.token}}
          lock_branch: ${{env.LOCK_BRANCH}}

      - name: Lock
        uses: ./actions/lock
        if: steps.check-lock.outputs.is_locked == 'false'
        with:
          github_token: ${{steps.token.outputs.token}}
          lock_branch: ${{env.LOCK_BRANCH}}
          target: ${{inputs.target}}
          skip_comment: "true"
