---
name: Unlock 
run-name: Unlock ${{inputs.target}}
on:
  workflow_dispatch:
    inputs:
      target:
        description: 'The target to lock'
        required: true
jobs:
  deploy:
    runs-on: ubuntu-latest
    permissions: {}
    env:
      TARGET: ${{inputs.target}}
      LOCK_BRANCH: lock/${{inputs.target}}
    steps:
      - id: token
        uses: tibdex/github-app-token@3beb63f4bd073e61482598c45c71c1019b59b73a # v2.1.0
        with:
          app_id: ${{secrets.APP_ID}}
          private_key: ${{secrets.APP_PRIVATE_KEY}}
          permissions: >-
            {
              "contents": "write",
              "pull_requests": "write"
            }
          repositories: >-
            [
              "${{github.event.repository.name}}"
            ]

      - uses: actions/checkout@b4ffde65f46336ab88eb53be808477a3936bae11 # v4.1.1

      - name: Check lock
        id: check-lock
        uses: ./actions/check-lock
        with:
          github_token: ${{steps.token.outputs.token}}
          lock_branch: ${{env.LOCK_BRANCH}}

      - name: Unlock
        if: steps.check-lock.outputs.is_locked == 'true'
        uses: ./actions/unlock
        with:
          github_token: ${{steps.token.outputs.token}}
          lock_branch: ${{env.LOCK_BRANCH}}
          target: ${{env.TARGET}}
          skip_comment: "true"
          maintainers: "@suzuki-shunsuke"
